
Microsoft Visual Studio Solution File, Format Version 12.00
# Visual Studio Version 17
VisualStudioVersion = 17.4.33110.190
MinimumVisualStudioVersion = 10.0.40219.1
Project("{FAE04EC0-301F-11D3-BF4B-00C04F79EFBC}") = "ConsoleApp1", "ConsoleApp1.csproj", "{D03FCE55-04D0-4676-8C7F-2FAC05E68338}"
EndProject
Global
	GlobalSection(SolutionConfigurationPlatforms) = preSolution
		Debug|Any CPU = Debug|Any CPU
		Release|Any CPU = Release|Any CPU
	EndGlobalSection
	GlobalSection(ProjectConfigurationPlatforms) = postSolution
		{D03FCE55-04D0-4676-8C7F-2FAC05E68338}.Debug|Any CPU.ActiveCfg = Debug|Any CPU
		{D03FCE55-04D0-4676-8C7F-2FAC05E68338}.Debug|Any CPU.Build.0 = Debug|Any CPU
		{D03FCE55-04D0-4676-8C7F-2FAC05E68338}.Release|Any CPU.ActiveCfg = Release|Any CPU
		{D03FCE55-04D0-4676-8C7F-2FAC05E68338}.Release|Any CPU.Build.0 = Release|Any CPU
	EndGlobalSection
	GlobalSection(SolutionProperties) = preSolution
		HideSolutionNode = FALSE
	EndGlobalSection
	GlobalSection(ExtensibilityGlobals) = postSolution
		SolutionGuid = {73AE4E94-FEB5-4626-AA5E-CC58114335EE}
	EndGlobalSection
EndGlobal
